
Microsoft Visual Studio Solution File, Format Version 12.00
# Visual Studio Version 17
VisualStudioVersion = 17.8.34525.116
MinimumVisualStudioVersion = 10.0.40219.1
Project("{FAE04EC0-301F-11D3-BF4B-00C04F79EFBC}") = "api", "api.csproj", "{4D7F0865-6653-4697-8DC2-B4E9FCA54304}"
EndProject
Global
	GlobalSection(SolutionConfigurationPlatforms) = preSolution
		Debug|Any CPU = Debug|Any CPU
		Release|Any CPU = Release|Any CPU
	EndGlobalSection
	GlobalSection(ProjectConfigurationPlatforms) = postSolution
		{4D7F0865-6653-4697-8DC2-B4E9FCA54304}.Debug|Any CPU.ActiveCfg = Debug|Any CPU
		{4D7F0865-6653-4697-8DC2-B4E9FCA54304}.Debug|Any CPU.Build.0 = Debug|Any CPU
		{4D7F0865-6653-4697-8DC2-B4E9FCA54304}.Release|Any CPU.ActiveCfg = Release|Any CPU
		{4D7F0865-6653-4697-8DC2-B4E9FCA54304}.Release|Any CPU.Build.0 = Release|Any CPU
	EndGlobalSection
	GlobalSection(SolutionProperties) = preSolution
		HideSolutionNode = FALSE
	EndGlobalSection
	GlobalSection(ExtensibilityGlobals) = postSolution
		SolutionGuid = {4C088C82-C2D6-448C-9629-BDE8119E76E0}
	EndGlobalSection
EndGlobal
